
Microsoft Visual Studio Solution File, Format Version 12.00
Project("{FAE04EC0-301F-11D3-BF4B-00C04F79EFBC}") = "Metanit", "Metanit.csproj", "{0410D5E0-3AB2-4BB5-B498-A092921F8642}"
EndProject
Global
	GlobalSection(SolutionConfigurationPlatforms) = preSolution
		Debug|Any CPU = Debug|Any CPU
		Release|Any CPU = Release|Any CPU
	EndGlobalSection
	GlobalSection(ProjectConfigurationPlatforms) = postSolution
		{0410D5E0-3AB2-4BB5-B498-A092921F8642}.Debug|Any CPU.ActiveCfg = Debug|Any CPU
		{0410D5E0-3AB2-4BB5-B498-A092921F8642}.Debug|Any CPU.Build.0 = Debug|Any CPU
		{0410D5E0-3AB2-4BB5-B498-A092921F8642}.Release|Any CPU.ActiveCfg = Release|Any CPU
		{0410D5E0-3AB2-4BB5-B498-A092921F8642}.Release|Any CPU.Build.0 = Release|Any CPU
	EndGlobalSection
EndGlobal
